// !$*UTF8*$!
{
	archiveVersion = 1;
	classes = {
	};
	objectVersion = 52;
	objects = {

/* Begin PBXBuildFile section */
		820EB9562535B51100FAEDB0 /* AppDelegate.swift in Sources */ = {isa = PBXBuildFile; fileRef = 820EB9552535B51100FAEDB0 /* AppDelegate.swift */; };
		820EB9582535B51100FAEDB0 /* SceneDelegate.swift in Sources */ = {isa = PBXBuildFile; fileRef = 820EB9572535B51100FAEDB0 /* SceneDelegate.swift */; };
		820EB95D2535B51100FAEDB0 /* Main.storyboard in Resources */ = {isa = PBXBuildFile; fileRef = 820EB95B2535B51100FAEDB0 /* Main.storyboard */; };
		820EB95F2535B51200FAEDB0 /* Assets.xcassets in Resources */ = {isa = PBXBuildFile; fileRef = 820EB95E2535B51200FAEDB0 /* Assets.xcassets */; };
		820EB9622535B51200FAEDB0 /* LaunchScreen.storyboard in Resources */ = {isa = PBXBuildFile; fileRef = 820EB9602535B51200FAEDB0 /* LaunchScreen.storyboard */; };
		820EB9782535C47600FAEDB0 /* guidelines.json in Resources */ = {isa = PBXBuildFile; fileRef = 820EB9772535C47600FAEDB0 /* guidelines.json */; };
		820EB9832535CCB300FAEDB0 /* SwiftyJSON in Frameworks */ = {isa = PBXBuildFile; productRef = 820EB9822535CCB300FAEDB0 /* SwiftyJSON */; };
		820EB9872535D1EF00FAEDB0 /* GuidelineListCell.swift in Sources */ = {isa = PBXBuildFile; fileRef = 820EB9862535D1EF00FAEDB0 /* GuidelineListCell.swift */; };
		820EB9922535E96200FAEDB0 /* GuidelinesCell.swift in Sources */ = {isa = PBXBuildFile; fileRef = 820EB9912535E96200FAEDB0 /* GuidelinesCell.swift */; };
		820EB9962535EBD900FAEDB0 /* GuidelinesController.swift in Sources */ = {isa = PBXBuildFile; fileRef = 820EB9952535EBD900FAEDB0 /* GuidelinesController.swift */; };
		8230586725363D40002118DF /* 0-3.json in Resources */ = {isa = PBXBuildFile; fileRef = 8230586625363D40002118DF /* 0-3.json */; };
		8230586A25363E2C002118DF /* GuidelineDetail.swift in Sources */ = {isa = PBXBuildFile; fileRef = 8230586925363E2C002118DF /* GuidelineDetail.swift */; };
		8261AA6025377AEC000BFE6D /* guidelinelist.json in Resources */ = {isa = PBXBuildFile; fileRef = 8261AA5F25377AEC000BFE6D /* guidelinelist.json */; };
		8279AF882536557B003BF303 /* 3-9.json in Resources */ = {isa = PBXBuildFile; fileRef = 8279AF6E25365579003BF303 /* 3-9.json */; };
		8279AF892536557B003BF303 /* 1-1.json in Resources */ = {isa = PBXBuildFile; fileRef = 8279AF6F25365579003BF303 /* 1-1.json */; };
		8279AF8A2536557B003BF303 /* 4-1.json in Resources */ = {isa = PBXBuildFile; fileRef = 8279AF7025365579003BF303 /* 4-1.json */; };
		8279AF8B2536557B003BF303 /* 2-2.json in Resources */ = {isa = PBXBuildFile; fileRef = 8279AF712536557A003BF303 /* 2-2.json */; };
		8279AF8C2536557B003BF303 /* 4-2.json in Resources */ = {isa = PBXBuildFile; fileRef = 8279AF722536557A003BF303 /* 4-2.json */; };
		8279AF8D2536557B003BF303 /* 4-3.json in Resources */ = {isa = PBXBuildFile; fileRef = 8279AF732536557A003BF303 /* 4-3.json */; };
		8279AF8E2536557B003BF303 /* 3-1.json in Resources */ = {isa = PBXBuildFile; fileRef = 8279AF742536557A003BF303 /* 3-1.json */; };
		8279AF8F2536557B003BF303 /* 3-11.json in Resources */ = {isa = PBXBuildFile; fileRef = 8279AF752536557A003BF303 /* 3-11.json */; };
		8279AF902536557B003BF303 /* 3-7.json in Resources */ = {isa = PBXBuildFile; fileRef = 8279AF762536557A003BF303 /* 3-7.json */; };
		8279AF912536557B003BF303 /* 3-6.json in Resources */ = {isa = PBXBuildFile; fileRef = 8279AF772536557A003BF303 /* 3-6.json */; };
		8279AF922536557B003BF303 /* 3-8.json in Resources */ = {isa = PBXBuildFile; fileRef = 8279AF782536557A003BF303 /* 3-8.json */; };
		8279AF932536557B003BF303 /* 3-2.json in Resources */ = {isa = PBXBuildFile; fileRef = 8279AF792536557A003BF303 /* 3-2.json */; };
		8279AF942536557B003BF303 /* 3-10.json in Resources */ = {isa = PBXBuildFile; fileRef = 8279AF7A2536557A003BF303 /* 3-10.json */; };
		8279AF952536557B003BF303 /* 3-4.json in Resources */ = {isa = PBXBuildFile; fileRef = 8279AF7B2536557A003BF303 /* 3-4.json */; };
		8279AF962536557B003BF303 /* 2-5.json in Resources */ = {isa = PBXBuildFile; fileRef = 8279AF7C2536557A003BF303 /* 2-5.json */; };
		8279AF972536557B003BF303 /* 2-6.json in Resources */ = {isa = PBXBuildFile; fileRef = 8279AF7D2536557A003BF303 /* 2-6.json */; };
		8279AF982536557B003BF303 /* 2-4.json in Resources */ = {isa = PBXBuildFile; fileRef = 8279AF7E2536557A003BF303 /* 2-4.json */; };
		8279AF992536557B003BF303 /* 3-13.json in Resources */ = {isa = PBXBuildFile; fileRef = 8279AF7F2536557B003BF303 /* 3-13.json */; };
		8279AF9A2536557B003BF303 /* 3-14.json in Resources */ = {isa = PBXBuildFile; fileRef = 8279AF802536557B003BF303 /* 3-14.json */; };
		8279AF9B2536557B003BF303 /* 2-8.json in Resources */ = {isa = PBXBuildFile; fileRef = 8279AF812536557B003BF303 /* 2-8.json */; };
		8279AF9C2536557B003BF303 /* 3-5.json in Resources */ = {isa = PBXBuildFile; fileRef = 8279AF822536557B003BF303 /* 3-5.json */; };
		8279AF9D2536557B003BF303 /* 3-12.json in Resources */ = {isa = PBXBuildFile; fileRef = 8279AF832536557B003BF303 /* 3-12.json */; };
		8279AF9E2536557B003BF303 /* 2-1.json in Resources */ = {isa = PBXBuildFile; fileRef = 8279AF842536557B003BF303 /* 2-1.json */; };
		8279AF9F2536557B003BF303 /* 2-3.json in Resources */ = {isa = PBXBuildFile; fileRef = 8279AF852536557B003BF303 /* 2-3.json */; };
		8279AFA02536557B003BF303 /* 3-3.json in Resources */ = {isa = PBXBuildFile; fileRef = 8279AF862536557B003BF303 /* 3-3.json */; };
		8279AFA12536557B003BF303 /* 2-7.json in Resources */ = {isa = PBXBuildFile; fileRef = 8279AF872536557B003BF303 /* 2-7.json */; };
/* End PBXBuildFile section */

/* Begin PBXFileReference section */
		820EB9522535B51100FAEDB0 /* qrh.app */ = {isa = PBXFileReference; explicitFileType = wrapper.application; includeInIndex = 0; path = qrh.app; sourceTree = BUILT_PRODUCTS_DIR; };
		820EB9552535B51100FAEDB0 /* AppDelegate.swift */ = {isa = PBXFileReference; lastKnownFileType = sourcecode.swift; path = AppDelegate.swift; sourceTree = "<group>"; };
		820EB9572535B51100FAEDB0 /* SceneDelegate.swift */ = {isa = PBXFileReference; lastKnownFileType = sourcecode.swift; path = SceneDelegate.swift; sourceTree = "<group>"; };
		820EB95C2535B51100FAEDB0 /* Base */ = {isa = PBXFileReference; lastKnownFileType = file.storyboard; name = Base; path = Base.lproj/Main.storyboard; sourceTree = "<group>"; };
		820EB95E2535B51200FAEDB0 /* Assets.xcassets */ = {isa = PBXFileReference; lastKnownFileType = folder.assetcatalog; path = Assets.xcassets; sourceTree = "<group>"; };
		820EB9612535B51200FAEDB0 /* Base */ = {isa = PBXFileReference; lastKnownFileType = file.storyboard; name = Base; path = Base.lproj/LaunchScreen.storyboard; sourceTree = "<group>"; };
		820EB9632535B51200FAEDB0 /* Info.plist */ = {isa = PBXFileReference; lastKnownFileType = text.plist.xml; path = Info.plist; sourceTree = "<group>"; };
		820EB9772535C47600FAEDB0 /* guidelines.json */ = {isa = PBXFileReference; fileEncoding = 4; lastKnownFileType = text.json; path = guidelines.json; sourceTree = "<group>"; };
		820EB9862535D1EF00FAEDB0 /* GuidelineListCell.swift */ = {isa = PBXFileReference; lastKnownFileType = sourcecode.swift; path = GuidelineListCell.swift; sourceTree = "<group>"; };
		820EB9912535E96200FAEDB0 /* GuidelinesCell.swift */ = {isa = PBXFileReference; lastKnownFileType = sourcecode.swift; path = GuidelinesCell.swift; sourceTree = "<group>"; };
		820EB9952535EBD900FAEDB0 /* GuidelinesController.swift */ = {isa = PBXFileReference; lastKnownFileType = sourcecode.swift; path = GuidelinesController.swift; sourceTree = "<group>"; };
		8230586625363D40002118DF /* 0-3.json */ = {isa = PBXFileReference; fileEncoding = 4; lastKnownFileType = text.json; path = "0-3.json"; sourceTree = "<group>"; };
		8230586925363E2C002118DF /* GuidelineDetail.swift */ = {isa = PBXFileReference; lastKnownFileType = sourcecode.swift; path = GuidelineDetail.swift; sourceTree = "<group>"; };
		8261AA5F25377AEC000BFE6D /* guidelinelist.json */ = {isa = PBXFileReference; fileEncoding = 4; lastKnownFileType = text.json; path = guidelinelist.json; sourceTree = "<group>"; };
		8279AF6E25365579003BF303 /* 3-9.json */ = {isa = PBXFileReference; fileEncoding = 4; lastKnownFileType = text.json; path = "3-9.json"; sourceTree = "<group>"; };
		8279AF6F25365579003BF303 /* 1-1.json */ = {isa = PBXFileReference; fileEncoding = 4; lastKnownFileType = text.json; path = "1-1.json"; sourceTree = "<group>"; };
		8279AF7025365579003BF303 /* 4-1.json */ = {isa = PBXFileReference; fileEncoding = 4; lastKnownFileType = text.json; path = "4-1.json"; sourceTree = "<group>"; };
		8279AF712536557A003BF303 /* 2-2.json */ = {isa = PBXFileReference; fileEncoding = 4; lastKnownFileType = text.json; path = "2-2.json"; sourceTree = "<group>"; };
		8279AF722536557A003BF303 /* 4-2.json */ = {isa = PBXFileReference; fileEncoding = 4; lastKnownFileType = text.json; path = "4-2.json"; sourceTree = "<group>"; };
		8279AF732536557A003BF303 /* 4-3.json */ = {isa = PBXFileReference; fileEncoding = 4; lastKnownFileType = text.json; path = "4-3.json"; sourceTree = "<group>"; };
		8279AF742536557A003BF303 /* 3-1.json */ = {isa = PBXFileReference; fileEncoding = 4; lastKnownFileType = text.json; path = "3-1.json"; sourceTree = "<group>"; };
		8279AF752536557A003BF303 /* 3-11.json */ = {isa = PBXFileReference; fileEncoding = 4; lastKnownFileType = text.json; path = "3-11.json"; sourceTree = "<group>"; };
		8279AF762536557A003BF303 /* 3-7.json */ = {isa = PBXFileReference; fileEncoding = 4; lastKnownFileType = text.json; path = "3-7.json"; sourceTree = "<group>"; };
		8279AF772536557A003BF303 /* 3-6.json */ = {isa = PBXFileReference; fileEncoding = 4; lastKnownFileType = text.json; path = "3-6.json"; sourceTree = "<group>"; };
		8279AF782536557A003BF303 /* 3-8.json */ = {isa = PBXFileReference; fileEncoding = 4; lastKnownFileType = text.json; path = "3-8.json"; sourceTree = "<group>"; };
		8279AF792536557A003BF303 /* 3-2.json */ = {isa = PBXFileReference; fileEncoding = 4; lastKnownFileType = text.json; path = "3-2.json"; sourceTree = "<group>"; };
		8279AF7A2536557A003BF303 /* 3-10.json */ = {isa = PBXFileReference; fileEncoding = 4; lastKnownFileType = text.json; path = "3-10.json"; sourceTree = "<group>"; };
		8279AF7B2536557A003BF303 /* 3-4.json */ = {isa = PBXFileReference; fileEncoding = 4; lastKnownFileType = text.json; path = "3-4.json"; sourceTree = "<group>"; };
		8279AF7C2536557A003BF303 /* 2-5.json */ = {isa = PBXFileReference; fileEncoding = 4; lastKnownFileType = text.json; path = "2-5.json"; sourceTree = "<group>"; };
		8279AF7D2536557A003BF303 /* 2-6.json */ = {isa = PBXFileReference; fileEncoding = 4; lastKnownFileType = text.json; path = "2-6.json"; sourceTree = "<group>"; };
		8279AF7E2536557A003BF303 /* 2-4.json */ = {isa = PBXFileReference; fileEncoding = 4; lastKnownFileType = text.json; path = "2-4.json"; sourceTree = "<group>"; };
		8279AF7F2536557B003BF303 /* 3-13.json */ = {isa = PBXFileReference; fileEncoding = 4; lastKnownFileType = text.json; path = "3-13.json"; sourceTree = "<group>"; };
		8279AF802536557B003BF303 /* 3-14.json */ = {isa = PBXFileReference; fileEncoding = 4; lastKnownFileType = text.json; path = "3-14.json"; sourceTree = "<group>"; };
		8279AF812536557B003BF303 /* 2-8.json */ = {isa = PBXFileReference; fileEncoding = 4; lastKnownFileType = text.json; path = "2-8.json"; sourceTree = "<group>"; };
		8279AF822536557B003BF303 /* 3-5.json */ = {isa = PBXFileReference; fileEncoding = 4; lastKnownFileType = text.json; path = "3-5.json"; sourceTree = "<group>"; };
		8279AF832536557B003BF303 /* 3-12.json */ = {isa = PBXFileReference; fileEncoding = 4; lastKnownFileType = text.json; path = "3-12.json"; sourceTree = "<group>"; };
		8279AF842536557B003BF303 /* 2-1.json */ = {isa = PBXFileReference; fileEncoding = 4; lastKnownFileType = text.json; path = "2-1.json"; sourceTree = "<group>"; };
		8279AF852536557B003BF303 /* 2-3.json */ = {isa = PBXFileReference; fileEncoding = 4; lastKnownFileType = text.json; path = "2-3.json"; sourceTree = "<group>"; };
		8279AF862536557B003BF303 /* 3-3.json */ = {isa = PBXFileReference; fileEncoding = 4; lastKnownFileType = text.json; path = "3-3.json"; sourceTree = "<group>"; };
		8279AF872536557B003BF303 /* 2-7.json */ = {isa = PBXFileReference; fileEncoding = 4; lastKnownFileType = text.json; path = "2-7.json"; sourceTree = "<group>"; };
/* End PBXFileReference section */

/* Begin PBXFrameworksBuildPhase section */
		820EB94F2535B51100FAEDB0 /* Frameworks */ = {
			isa = PBXFrameworksBuildPhase;
			buildActionMask = 2147483647;
			files = (
				820EB9832535CCB300FAEDB0 /* SwiftyJSON in Frameworks */,
			);
			runOnlyForDeploymentPostprocessing = 0;
		};
/* End PBXFrameworksBuildPhase section */

/* Begin PBXGroup section */
		820EB9492535B51100FAEDB0 = {
			isa = PBXGroup;
			children = (
				820EB9542535B51100FAEDB0 /* qrh */,
				820EB9532535B51100FAEDB0 /* Products */,
			);
			sourceTree = "<group>";
		};
		820EB9532535B51100FAEDB0 /* Products */ = {
			isa = PBXGroup;
			children = (
				820EB9522535B51100FAEDB0 /* qrh.app */,
			);
			name = Products;
			sourceTree = "<group>";
		};
		820EB9542535B51100FAEDB0 /* qrh */ = {
			isa = PBXGroup;
			children = (
				820EB9772535C47600FAEDB0 /* guidelines.json */,
				8261AA5F25377AEC000BFE6D /* guidelinelist.json */,
				8230586625363D40002118DF /* 0-3.json */,
				8279AF6F25365579003BF303 /* 1-1.json */,
				8279AF842536557B003BF303 /* 2-1.json */,
				8279AF712536557A003BF303 /* 2-2.json */,
				8279AF852536557B003BF303 /* 2-3.json */,
				8279AF7E2536557A003BF303 /* 2-4.json */,
				8279AF7C2536557A003BF303 /* 2-5.json */,
				8279AF7D2536557A003BF303 /* 2-6.json */,
				8279AF872536557B003BF303 /* 2-7.json */,
				8279AF812536557B003BF303 /* 2-8.json */,
				8279AF742536557A003BF303 /* 3-1.json */,
				8279AF792536557A003BF303 /* 3-2.json */,
				8279AF862536557B003BF303 /* 3-3.json */,
				8279AF7B2536557A003BF303 /* 3-4.json */,
				8279AF822536557B003BF303 /* 3-5.json */,
				8279AF772536557A003BF303 /* 3-6.json */,
				8279AF762536557A003BF303 /* 3-7.json */,
				8279AF782536557A003BF303 /* 3-8.json */,
				8279AF6E25365579003BF303 /* 3-9.json */,
				8279AF7A2536557A003BF303 /* 3-10.json */,
				8279AF752536557A003BF303 /* 3-11.json */,
				8279AF832536557B003BF303 /* 3-12.json */,
				8279AF7F2536557B003BF303 /* 3-13.json */,
				8279AF802536557B003BF303 /* 3-14.json */,
				8279AF7025365579003BF303 /* 4-1.json */,
				8279AF722536557A003BF303 /* 4-2.json */,
				8279AF732536557A003BF303 /* 4-3.json */,
				820EB9552535B51100FAEDB0 /* AppDelegate.swift */,
				820EB9572535B51100FAEDB0 /* SceneDelegate.swift */,
				820EB95B2535B51100FAEDB0 /* Main.storyboard */,
				820EB9952535EBD900FAEDB0 /* GuidelinesController.swift */,
				820EB9912535E96200FAEDB0 /* GuidelinesCell.swift */,
				820EB95E2535B51200FAEDB0 /* Assets.xcassets */,
				820EB9602535B51200FAEDB0 /* LaunchScreen.storyboard */,
				820EB9632535B51200FAEDB0 /* Info.plist */,
				8230586925363E2C002118DF /* GuidelineDetail.swift */,
				820EB9862535D1EF00FAEDB0 /* GuidelineListCell.swift */,
			);
			path = qrh;
			sourceTree = "<group>";
		};
/* End PBXGroup section */

/* Begin PBXNativeTarget section */
		820EB9512535B51100FAEDB0 /* qrh */ = {
			isa = PBXNativeTarget;
			buildConfigurationList = 820EB9662535B51200FAEDB0 /* Build configuration list for PBXNativeTarget "qrh" */;
			buildPhases = (
				820EB94E2535B51100FAEDB0 /* Sources */,
				820EB94F2535B51100FAEDB0 /* Frameworks */,
				820EB9502535B51100FAEDB0 /* Resources */,
			);
			buildRules = (
			);
			dependencies = (
			);
			name = qrh;
			packageProductDependencies = (
				820EB9822535CCB300FAEDB0 /* SwiftyJSON */,
			);
			productName = qrh;
			productReference = 820EB9522535B51100FAEDB0 /* qrh.app */;
			productType = "com.apple.product-type.application";
		};
/* End PBXNativeTarget section */

/* Begin PBXProject section */
		820EB94A2535B51100FAEDB0 /* Project object */ = {
			isa = PBXProject;
			attributes = {
				LastSwiftUpdateCheck = 1200;
				LastUpgradeCheck = 1200;
				TargetAttributes = {
					820EB9512535B51100FAEDB0 = {
						CreatedOnToolsVersion = 12.0.1;
					};
				};
			};
			buildConfigurationList = 820EB94D2535B51100FAEDB0 /* Build configuration list for PBXProject "qrh" */;
			compatibilityVersion = "Xcode 9.3";
			developmentRegion = en;
			hasScannedForEncodings = 0;
			knownRegions = (
				en,
				Base,
			);
			mainGroup = 820EB9492535B51100FAEDB0;
			packageReferences = (
				820EB9812535CCB300FAEDB0 /* XCRemoteSwiftPackageReference "SwiftyJSON" */,
			);
			productRefGroup = 820EB9532535B51100FAEDB0 /* Products */;
			projectDirPath = "";
			projectRoot = "";
			targets = (
				820EB9512535B51100FAEDB0 /* qrh */,
			);
		};
/* End PBXProject section */

/* Begin PBXResourcesBuildPhase section */
		820EB9502535B51100FAEDB0 /* Resources */ = {
			isa = PBXResourcesBuildPhase;
			buildActionMask = 2147483647;
			files = (
				8279AF9E2536557B003BF303 /* 2-1.json in Resources */,
				8279AF992536557B003BF303 /* 3-13.json in Resources */,
				8279AF9C2536557B003BF303 /* 3-5.json in Resources */,
				8279AF8D2536557B003BF303 /* 4-3.json in Resources */,
				8279AF982536557B003BF303 /* 2-4.json in Resources */,
				8279AF8B2536557B003BF303 /* 2-2.json in Resources */,
				8279AF942536557B003BF303 /* 3-10.json in Resources */,
				820EB9782535C47600FAEDB0 /* guidelines.json in Resources */,
				8279AF962536557B003BF303 /* 2-5.json in Resources */,
				8279AFA02536557B003BF303 /* 3-3.json in Resources */,
				820EB9622535B51200FAEDB0 /* LaunchScreen.storyboard in Resources */,
				8279AF8A2536557B003BF303 /* 4-1.json in Resources */,
				8261AA6025377AEC000BFE6D /* guidelinelist.json in Resources */,
				8279AF952536557B003BF303 /* 3-4.json in Resources */,
				8279AF8F2536557B003BF303 /* 3-11.json in Resources */,
				8279AF9F2536557B003BF303 /* 2-3.json in Resources */,
				8279AF972536557B003BF303 /* 2-6.json in Resources */,
				820EB95F2535B51200FAEDB0 /* Assets.xcassets in Resources */,
				8279AFA12536557B003BF303 /* 2-7.json in Resources */,
				8279AF882536557B003BF303 /* 3-9.json in Resources */,
				8279AF9A2536557B003BF303 /* 3-14.json in Resources */,
				8279AF922536557B003BF303 /* 3-8.json in Resources */,
				8279AF892536557B003BF303 /* 1-1.json in Resources */,
				8279AF912536557B003BF303 /* 3-6.json in Resources */,
				820EB95D2535B51100FAEDB0 /* Main.storyboard in Resources */,
				8279AF9D2536557B003BF303 /* 3-12.json in Resources */,
				8279AF8E2536557B003BF303 /* 3-1.json in Resources */,
				8279AF902536557B003BF303 /* 3-7.json in Resources */,
				8230586725363D40002118DF /* 0-3.json in Resources */,
				8279AF8C2536557B003BF303 /* 4-2.json in Resources */,
				8279AF932536557B003BF303 /* 3-2.json in Resources */,
				8279AF9B2536557B003BF303 /* 2-8.json in Resources */,
			);
			runOnlyForDeploymentPostprocessing = 0;
		};
/* End PBXResourcesBuildPhase section */

/* Begin PBXSourcesBuildPhase section */
		820EB94E2535B51100FAEDB0 /* Sources */ = {
			isa = PBXSourcesBuildPhase;
			buildActionMask = 2147483647;
			files = (
				820EB9872535D1EF00FAEDB0 /* GuidelineListCell.swift in Sources */,
				820EB9562535B51100FAEDB0 /* AppDelegate.swift in Sources */,
				8230586A25363E2C002118DF /* GuidelineDetail.swift in Sources */,
				820EB9582535B51100FAEDB0 /* SceneDelegate.swift in Sources */,
				820EB9922535E96200FAEDB0 /* GuidelinesCell.swift in Sources */,
				820EB9962535EBD900FAEDB0 /* GuidelinesController.swift in Sources */,
			);
			runOnlyForDeploymentPostprocessing = 0;
		};
/* End PBXSourcesBuildPhase section */

/* Begin PBXVariantGroup section */
		820EB95B2535B51100FAEDB0 /* Main.storyboard */ = {
			isa = PBXVariantGroup;
			children = (
				820EB95C2535B51100FAEDB0 /* Base */,
			);
			name = Main.storyboard;
			sourceTree = "<group>";
		};
		820EB9602535B51200FAEDB0 /* LaunchScreen.storyboard */ = {
			isa = PBXVariantGroup;
			children = (
				820EB9612535B51200FAEDB0 /* Base */,
			);
			name = LaunchScreen.storyboard;
			sourceTree = "<group>";
		};
/* End PBXVariantGroup section */

/* Begin XCBuildConfiguration section */
		820EB9642535B51200FAEDB0 /* Debug */ = {
			isa = XCBuildConfiguration;
			buildSettings = {
				ALWAYS_SEARCH_USER_PATHS = NO;
				CLANG_ANALYZER_NONNULL = YES;
				CLANG_ANALYZER_NUMBER_OBJECT_CONVERSION = YES_AGGRESSIVE;
				CLANG_CXX_LANGUAGE_STANDARD = "gnu++14";
				CLANG_CXX_LIBRARY = "libc++";
				CLANG_ENABLE_MODULES = YES;
				CLANG_ENABLE_OBJC_ARC = YES;
				CLANG_ENABLE_OBJC_WEAK = YES;
				CLANG_WARN_BLOCK_CAPTURE_AUTORELEASING = YES;
				CLANG_WARN_BOOL_CONVERSION = YES;
				CLANG_WARN_COMMA = YES;
				CLANG_WARN_CONSTANT_CONVERSION = YES;
				CLANG_WARN_DEPRECATED_OBJC_IMPLEMENTATIONS = YES;
				CLANG_WARN_DIRECT_OBJC_ISA_USAGE = YES_ERROR;
				CLANG_WARN_DOCUMENTATION_COMMENTS = YES;
				CLANG_WARN_EMPTY_BODY = YES;
				CLANG_WARN_ENUM_CONVERSION = YES;
				CLANG_WARN_INFINITE_RECURSION = YES;
				CLANG_WARN_INT_CONVERSION = YES;
				CLANG_WARN_NON_LITERAL_NULL_CONVERSION = YES;
				CLANG_WARN_OBJC_IMPLICIT_RETAIN_SELF = YES;
				CLANG_WARN_OBJC_LITERAL_CONVERSION = YES;
				CLANG_WARN_OBJC_ROOT_CLASS = YES_ERROR;
				CLANG_WARN_QUOTED_INCLUDE_IN_FRAMEWORK_HEADER = YES;
				CLANG_WARN_RANGE_LOOP_ANALYSIS = YES;
				CLANG_WARN_STRICT_PROTOTYPES = YES;
				CLANG_WARN_SUSPICIOUS_MOVE = YES;
				CLANG_WARN_UNGUARDED_AVAILABILITY = YES_AGGRESSIVE;
				CLANG_WARN_UNREACHABLE_CODE = YES;
				CLANG_WARN__DUPLICATE_METHOD_MATCH = YES;
				COPY_PHASE_STRIP = NO;
				DEBUG_INFORMATION_FORMAT = dwarf;
				ENABLE_STRICT_OBJC_MSGSEND = YES;
				ENABLE_TESTABILITY = YES;
				GCC_C_LANGUAGE_STANDARD = gnu11;
				GCC_DYNAMIC_NO_PIC = NO;
				GCC_NO_COMMON_BLOCKS = YES;
				GCC_OPTIMIZATION_LEVEL = 0;
				GCC_PREPROCESSOR_DEFINITIONS = (
					"DEBUG=1",
					"$(inherited)",
				);
				GCC_WARN_64_TO_32_BIT_CONVERSION = YES;
				GCC_WARN_ABOUT_RETURN_TYPE = YES_ERROR;
				GCC_WARN_UNDECLARED_SELECTOR = YES;
				GCC_WARN_UNINITIALIZED_AUTOS = YES_AGGRESSIVE;
				GCC_WARN_UNUSED_FUNCTION = YES;
				GCC_WARN_UNUSED_VARIABLE = YES;
				IPHONEOS_DEPLOYMENT_TARGET = 14.0;
				MTL_ENABLE_DEBUG_INFO = INCLUDE_SOURCE;
				MTL_FAST_MATH = YES;
				ONLY_ACTIVE_ARCH = YES;
				SDKROOT = iphoneos;
				SWIFT_ACTIVE_COMPILATION_CONDITIONS = DEBUG;
				SWIFT_OPTIMIZATION_LEVEL = "-Onone";
			};
			name = Debug;
		};
		820EB9652535B51200FAEDB0 /* Release */ = {
			isa = XCBuildConfiguration;
			buildSettings = {
				ALWAYS_SEARCH_USER_PATHS = NO;
				CLANG_ANALYZER_NONNULL = YES;
				CLANG_ANALYZER_NUMBER_OBJECT_CONVERSION = YES_AGGRESSIVE;
				CLANG_CXX_LANGUAGE_STANDARD = "gnu++14";
				CLANG_CXX_LIBRARY = "libc++";
				CLANG_ENABLE_MODULES = YES;
				CLANG_ENABLE_OBJC_ARC = YES;
				CLANG_ENABLE_OBJC_WEAK = YES;
				CLANG_WARN_BLOCK_CAPTURE_AUTORELEASING = YES;
				CLANG_WARN_BOOL_CONVERSION = YES;
				CLANG_WARN_COMMA = YES;
				CLANG_WARN_CONSTANT_CONVERSION = YES;
				CLANG_WARN_DEPRECATED_OBJC_IMPLEMENTATIONS = YES;
				CLANG_WARN_DIRECT_OBJC_ISA_USAGE = YES_ERROR;
				CLANG_WARN_DOCUMENTATION_COMMENTS = YES;
				CLANG_WARN_EMPTY_BODY = YES;
				CLANG_WARN_ENUM_CONVERSION = YES;
				CLANG_WARN_INFINITE_RECURSION = YES;
				CLANG_WARN_INT_CONVERSION = YES;
				CLANG_WARN_NON_LITERAL_NULL_CONVERSION = YES;
				CLANG_WARN_OBJC_IMPLICIT_RETAIN_SELF = YES;
				CLANG_WARN_OBJC_LITERAL_CONVERSION = YES;
				CLANG_WARN_OBJC_ROOT_CLASS = YES_ERROR;
				CLANG_WARN_QUOTED_INCLUDE_IN_FRAMEWORK_HEADER = YES;
				CLANG_WARN_RANGE_LOOP_ANALYSIS = YES;
				CLANG_WARN_STRICT_PROTOTYPES = YES;
				CLANG_WARN_SUSPICIOUS_MOVE = YES;
				CLANG_WARN_UNGUARDED_AVAILABILITY = YES_AGGRESSIVE;
				CLANG_WARN_UNREACHABLE_CODE = YES;
				CLANG_WARN__DUPLICATE_METHOD_MATCH = YES;
				COPY_PHASE_STRIP = NO;
				DEBUG_INFORMATION_FORMAT = "dwarf-with-dsym";
				ENABLE_NS_ASSERTIONS = NO;
				ENABLE_STRICT_OBJC_MSGSEND = YES;
				GCC_C_LANGUAGE_STANDARD = gnu11;
				GCC_NO_COMMON_BLOCKS = YES;
				GCC_WARN_64_TO_32_BIT_CONVERSION = YES;
				GCC_WARN_ABOUT_RETURN_TYPE = YES_ERROR;
				GCC_WARN_UNDECLARED_SELECTOR = YES;
				GCC_WARN_UNINITIALIZED_AUTOS = YES_AGGRESSIVE;
				GCC_WARN_UNUSED_FUNCTION = YES;
				GCC_WARN_UNUSED_VARIABLE = YES;
				IPHONEOS_DEPLOYMENT_TARGET = 14.0;
				MTL_ENABLE_DEBUG_INFO = NO;
				MTL_FAST_MATH = YES;
				SDKROOT = iphoneos;
				SWIFT_COMPILATION_MODE = wholemodule;
				SWIFT_OPTIMIZATION_LEVEL = "-O";
				VALIDATE_PRODUCT = YES;
			};
			name = Release;
		};
		820EB9672535B51200FAEDB0 /* Debug */ = {
			isa = XCBuildConfiguration;
			buildSettings = {
				ASSETCATALOG_COMPILER_APPICON_NAME = AppIcon;
				ASSETCATALOG_COMPILER_GLOBAL_ACCENT_COLOR_NAME = AccentColor;
				CODE_SIGN_STYLE = Automatic;
				INFOPLIST_FILE = qrh/Info.plist;
				LD_RUNPATH_SEARCH_PATHS = (
					"$(inherited)",
					"@executable_path/Frameworks",
				);
				PRODUCT_BUNDLE_IDENTIFIER = dev.anaes.qrh;
				PRODUCT_NAME = "$(TARGET_NAME)";
				SWIFT_VERSION = 5.0;
				TARGETED_DEVICE_FAMILY = "1,2";
			};
			name = Debug;
		};
		820EB9682535B51200FAEDB0 /* Release */ = {
			isa = XCBuildConfiguration;
			buildSettings = {
				ASSETCATALOG_COMPILER_APPICON_NAME = AppIcon;
				ASSETCATALOG_COMPILER_GLOBAL_ACCENT_COLOR_NAME = AccentColor;
				CODE_SIGN_STYLE = Automatic;
				INFOPLIST_FILE = qrh/Info.plist;
				LD_RUNPATH_SEARCH_PATHS = (
					"$(inherited)",
					"@executable_path/Frameworks",
				);
				PRODUCT_BUNDLE_IDENTIFIER = dev.anaes.qrh;
				PRODUCT_NAME = "$(TARGET_NAME)";
				SWIFT_VERSION = 5.0;
				TARGETED_DEVICE_FAMILY = "1,2";
			};
			name = Release;
		};
/* End XCBuildConfiguration section */

/* Begin XCConfigurationList section */
		820EB94D2535B51100FAEDB0 /* Build configuration list for PBXProject "qrh" */ = {
			isa = XCConfigurationList;
			buildConfigurations = (
				820EB9642535B51200FAEDB0 /* Debug */,
				820EB9652535B51200FAEDB0 /* Release */,
			);
			defaultConfigurationIsVisible = 0;
			defaultConfigurationName = Release;
		};
		820EB9662535B51200FAEDB0 /* Build configuration list for PBXNativeTarget "qrh" */ = {
			isa = XCConfigurationList;
			buildConfigurations = (
				820EB9672535B51200FAEDB0 /* Debug */,
				820EB9682535B51200FAEDB0 /* Release */,
			);
			defaultConfigurationIsVisible = 0;
			defaultConfigurationName = Release;
		};
/* End XCConfigurationList section */

/* Begin XCRemoteSwiftPackageReference section */
		820EB9812535CCB300FAEDB0 /* XCRemoteSwiftPackageReference "SwiftyJSON" */ = {
			isa = XCRemoteSwiftPackageReference;
			repositoryURL = "https://github.com/SwiftyJSON/SwiftyJSON.git";
			requirement = {
				kind = upToNextMajorVersion;
				minimumVersion = 5.0.0;
			};
		};
/* End XCRemoteSwiftPackageReference section */

/* Begin XCSwiftPackageProductDependency section */
		820EB9822535CCB300FAEDB0 /* SwiftyJSON */ = {
			isa = XCSwiftPackageProductDependency;
			package = 820EB9812535CCB300FAEDB0 /* XCRemoteSwiftPackageReference "SwiftyJSON" */;
			productName = SwiftyJSON;
		};
/* End XCSwiftPackageProductDependency section */
	};
	rootObject = 820EB94A2535B51100FAEDB0 /* Project object */;
}
